// !$*UTF8*$!
{
	archiveVersion = 1;
	classes = {
	};
	objectVersion = 50;
	objects = {

/* Begin PBXBuildFile section */
		DCB654E523C994AE00C55698 /* AppDelegate.swift in Sources */ = {isa = PBXBuildFile; fileRef = DCB654E423C994AE00C55698 /* AppDelegate.swift */; };
		DCB654E723C994AE00C55698 /* SceneDelegate.swift in Sources */ = {isa = PBXBuildFile; fileRef = DCB654E623C994AE00C55698 /* SceneDelegate.swift */; };
		DCB654E923C994AE00C55698 /* ViewController.swift in Sources */ = {isa = PBXBuildFile; fileRef = DCB654E823C994AE00C55698 /* ViewController.swift */; };
		DCB654EC23C994AE00C55698 /* Main.storyboard in Resources */ = {isa = PBXBuildFile; fileRef = DCB654EA23C994AE00C55698 /* Main.storyboard */; };
		DCB654EE23C994AF00C55698 /* Assets.xcassets in Resources */ = {isa = PBXBuildFile; fileRef = DCB654ED23C994AF00C55698 /* Assets.xcassets */; };
		DCB654F123C994AF00C55698 /* LaunchScreen.storyboard in Resources */ = {isa = PBXBuildFile; fileRef = DCB654EF23C994AF00C55698 /* LaunchScreen.storyboard */; };
		DCB654FD23C9A3C100C55698 /* APIs.swift in Sources */ = {isa = PBXBuildFile; fileRef = DCB654FC23C9A3C100C55698 /* APIs.swift */; };
/* End PBXBuildFile section */

/* Begin PBXFileReference section */
		DCB654E123C994AE00C55698 /* QuoteGenerator.app */ = {isa = PBXFileReference; explicitFileType = wrapper.application; includeInIndex = 0; path = QuoteGenerator.app; sourceTree = BUILT_PRODUCTS_DIR; };
		DCB654E423C994AE00C55698 /* AppDelegate.swift */ = {isa = PBXFileReference; lastKnownFileType = sourcecode.swift; path = AppDelegate.swift; sourceTree = "<group>"; };
		DCB654E623C994AE00C55698 /* SceneDelegate.swift */ = {isa = PBXFileReference; lastKnownFileType = sourcecode.swift; path = SceneDelegate.swift; sourceTree = "<group>"; };
		DCB654E823C994AE00C55698 /* ViewController.swift */ = {isa = PBXFileReference; lastKnownFileType = sourcecode.swift; path = ViewController.swift; sourceTree = "<group>"; };
		DCB654EB23C994AE00C55698 /* Base */ = {isa = PBXFileReference; lastKnownFileType = file.storyboard; name = Base; path = Base.lproj/Main.storyboard; sourceTree = "<group>"; };
		DCB654ED23C994AF00C55698 /* Assets.xcassets */ = {isa = PBXFileReference; lastKnownFileType = folder.assetcatalog; path = Assets.xcassets; sourceTree = "<group>"; };
		DCB654F023C994AF00C55698 /* Base */ = {isa = PBXFileReference; lastKnownFileType = file.storyboard; name = Base; path = Base.lproj/LaunchScreen.storyboard; sourceTree = "<group>"; };
		DCB654F223C994AF00C55698 /* Info.plist */ = {isa = PBXFileReference; lastKnownFileType = text.plist.xml; path = Info.plist; sourceTree = "<group>"; };
		DCB654FC23C9A3C100C55698 /* APIs.swift */ = {isa = PBXFileReference; lastKnownFileType = sourcecode.swift; path = APIs.swift; sourceTree = "<group>"; };
/* End PBXFileReference section */

/* Begin PBXFrameworksBuildPhase section */
		DCB654DE23C994AE00C55698 /* Frameworks */ = {
			isa = PBXFrameworksBuildPhase;
			buildActionMask = 2147483647;
			files = (
			);
			runOnlyForDeploymentPostprocessing = 0;
		};
/* End PBXFrameworksBuildPhase section */

/* Begin PBXGroup section */
		DCB654D823C994AE00C55698 = {
			isa = PBXGroup;
			children = (
				DCB654FC23C9A3C100C55698 /* APIs.swift */,
				DCB654E323C994AE00C55698 /* QuoteGenerator */,
				DCB654E223C994AE00C55698 /* Products */,
			);
			sourceTree = "<group>";
		};
		DCB654E223C994AE00C55698 /* Products */ = {
			isa = PBXGroup;
			children = (
				DCB654E123C994AE00C55698 /* QuoteGenerator.app */,
			);
			name = Products;
			sourceTree = "<group>";
		};
		DCB654E323C994AE00C55698 /* QuoteGenerator */ = {
			isa = PBXGroup;
			children = (
				DCB654E423C994AE00C55698 /* AppDelegate.swift */,
				DCB654E623C994AE00C55698 /* SceneDelegate.swift */,
				DCB654E823C994AE00C55698 /* ViewController.swift */,
				DCB654EA23C994AE00C55698 /* Main.storyboard */,
				DCB654ED23C994AF00C55698 /* Assets.xcassets */,
				DCB654EF23C994AF00C55698 /* LaunchScreen.storyboard */,
				DCB654F223C994AF00C55698 /* Info.plist */,
			);
			path = QuoteGenerator;
			sourceTree = "<group>";
		};
/* End PBXGroup section */

/* Begin PBXNativeTarget section */
		DCB654E023C994AE00C55698 /* QuoteGenerator */ = {
			isa = PBXNativeTarget;
			buildConfigurationList = DCB654F523C994AF00C55698 /* Build configuration list for PBXNativeTarget "QuoteGenerator" */;
			buildPhases = (
				DCB654DD23C994AE00C55698 /* Sources */,
				DCB654DE23C994AE00C55698 /* Frameworks */,
				DCB654DF23C994AE00C55698 /* Resources */,
			);
			buildRules = (
			);
			dependencies = (
			);
			name = QuoteGenerator;
			productName = QuoteGenerator;
			productReference = DCB654E123C994AE00C55698 /* QuoteGenerator.app */;
			productType = "com.apple.product-type.application";
		};
/* End PBXNativeTarget section */

/* Begin PBXProject section */
		DCB654D923C994AE00C55698 /* Project object */ = {
			isa = PBXProject;
			attributes = {
				LastSwiftUpdateCheck = 1130;
				LastUpgradeCheck = 1130;
				ORGANIZATIONNAME = "Yongwoo Huh";
				TargetAttributes = {
					DCB654E023C994AE00C55698 = {
						CreatedOnToolsVersion = 11.3;
					};
				};
			};
			buildConfigurationList = DCB654DC23C994AE00C55698 /* Build configuration list for PBXProject "QuoteGenerator" */;
			compatibilityVersion = "Xcode 9.3";
			developmentRegion = en;
			hasScannedForEncodings = 0;
			knownRegions = (
				en,
				Base,
			);
			mainGroup = DCB654D823C994AE00C55698;
			productRefGroup = DCB654E223C994AE00C55698 /* Products */;
			projectDirPath = "";
			projectRoot = "";
			targets = (
				DCB654E023C994AE00C55698 /* QuoteGenerator */,
			);
		};
/* End PBXProject section */

/* Begin PBXResourcesBuildPhase section */
		DCB654DF23C994AE00C55698 /* Resources */ = {
			isa = PBXResourcesBuildPhase;
			buildActionMask = 2147483647;
			files = (
				DCB654F123C994AF00C55698 /* LaunchScreen.storyboard in Resources */,
				DCB654EE23C994AF00C55698 /* Assets.xcassets in Resources */,
				DCB654EC23C994AE00C55698 /* Main.storyboard in Resources */,
			);
			runOnlyForDeploymentPostprocessing = 0;
		};
/* End PBXResourcesBuildPhase section */

/* Begin PBXSourcesBuildPhase section */
		DCB654DD23C994AE00C55698 /* Sources */ = {
			isa = PBXSourcesBuildPhase;
			buildActionMask = 2147483647;
			files = (
				DCB654E923C994AE00C55698 /* ViewController.swift in Sources */,
				DCB654E523C994AE00C55698 /* AppDelegate.swift in Sources */,
				DCB654FD23C9A3C100C55698 /* APIs.swift in Sources */,
				DCB654E723C994AE00C55698 /* SceneDelegate.swift in Sources */,
			);
			runOnlyForDeploymentPostprocessing = 0;
		};
/* End PBXSourcesBuildPhase section */

/* Begin PBXVariantGroup section */
		DCB654EA23C994AE00C55698 /* Main.storyboard */ = {
			isa = PBXVariantGroup;
			children = (
				DCB654EB23C994AE00C55698 /* Base */,
			);
			name = Main.storyboard;
			sourceTree = "<group>";
		};
		DCB654EF23C994AF00C55698 /* LaunchScreen.storyboard */ = {
			isa = PBXVariantGroup;
			children = (
				DCB654F023C994AF00C55698 /* Base */,
			);
			name = LaunchScreen.storyboard;
			sourceTree = "<group>";
		};
/* End PBXVariantGroup section */

/* Begin XCBuildConfiguration section */
		DCB654F323C994AF00C55698 /* Debug */ = {
			isa = XCBuildConfiguration;
			buildSettings = {
				ALWAYS_SEARCH_USER_PATHS = NO;
				CLANG_ANALYZER_NONNULL = YES;
				CLANG_ANALYZER_NUMBER_OBJECT_CONVERSION = YES_AGGRESSIVE;
				CLANG_CXX_LANGUAGE_STANDARD = "gnu++14";
				CLANG_CXX_LIBRARY = "libc++";
				CLANG_ENABLE_MODULES = YES;
				CLANG_ENABLE_OBJC_ARC = YES;
				CLANG_ENABLE_OBJC_WEAK = YES;
				CLANG_WARN_BLOCK_CAPTURE_AUTORELEASING = YES;
				CLANG_WARN_BOOL_CONVERSION = YES;
				CLANG_WARN_COMMA = YES;
				CLANG_WARN_CONSTANT_CONVERSION = YES;
				CLANG_WARN_DEPRECATED_OBJC_IMPLEMENTATIONS = YES;
				CLANG_WARN_DIRECT_OBJC_ISA_USAGE = YES_ERROR;
				CLANG_WARN_DOCUMENTATION_COMMENTS = YES;
				CLANG_WARN_EMPTY_BODY = YES;
				CLANG_WARN_ENUM_CONVERSION = YES;
				CLANG_WARN_INFINITE_RECURSION = YES;
				CLANG_WARN_INT_CONVERSION = YES;
				CLANG_WARN_NON_LITERAL_NULL_CONVERSION = YES;
				CLANG_WARN_OBJC_IMPLICIT_RETAIN_SELF = YES;
				CLANG_WARN_OBJC_LITERAL_CONVERSION = YES;
				CLANG_WARN_OBJC_ROOT_CLASS = YES_ERROR;
				CLANG_WARN_RANGE_LOOP_ANALYSIS = YES;
				CLANG_WARN_STRICT_PROTOTYPES = YES;
				CLANG_WARN_SUSPICIOUS_MOVE = YES;
				CLANG_WARN_UNGUARDED_AVAILABILITY = YES_AGGRESSIVE;
				CLANG_WARN_UNREACHABLE_CODE = YES;
				CLANG_WARN__DUPLICATE_METHOD_MATCH = YES;
				COPY_PHASE_STRIP = NO;
				DEBUG_INFORMATION_FORMAT = dwarf;
				ENABLE_STRICT_OBJC_MSGSEND = YES;
				ENABLE_TESTABILITY = YES;
				GCC_C_LANGUAGE_STANDARD = gnu11;
				GCC_DYNAMIC_NO_PIC = NO;
				GCC_NO_COMMON_BLOCKS = YES;
				GCC_OPTIMIZATION_LEVEL = 0;
				GCC_PREPROCESSOR_DEFINITIONS = (
					"DEBUG=1",
					"$(inherited)",
				);
				GCC_WARN_64_TO_32_BIT_CONVERSION = YES;
				GCC_WARN_ABOUT_RETURN_TYPE = YES_ERROR;
				GCC_WARN_UNDECLARED_SELECTOR = YES;
				GCC_WARN_UNINITIALIZED_AUTOS = YES_AGGRESSIVE;
				GCC_WARN_UNUSED_FUNCTION = YES;
				GCC_WARN_UNUSED_VARIABLE = YES;
				IPHONEOS_DEPLOYMENT_TARGET = 13.2;
				MTL_ENABLE_DEBUG_INFO = INCLUDE_SOURCE;
				MTL_FAST_MATH = YES;
				ONLY_ACTIVE_ARCH = YES;
				SDKROOT = iphoneos;
				SWIFT_ACTIVE_COMPILATION_CONDITIONS = DEBUG;
				SWIFT_OPTIMIZATION_LEVEL = "-Onone";
			};
			name = Debug;
		};
		DCB654F423C994AF00C55698 /* Release */ = {
			isa = XCBuildConfiguration;
			buildSettings = {
				ALWAYS_SEARCH_USER_PATHS = NO;
				CLANG_ANALYZER_NONNULL = YES;
				CLANG_ANALYZER_NUMBER_OBJECT_CONVERSION = YES_AGGRESSIVE;
				CLANG_CXX_LANGUAGE_STANDARD = "gnu++14";
				CLANG_CXX_LIBRARY = "libc++";
				CLANG_ENABLE_MODULES = YES;
				CLANG_ENABLE_OBJC_ARC = YES;
				CLANG_ENABLE_OBJC_WEAK = YES;
				CLANG_WARN_BLOCK_CAPTURE_AUTORELEASING = YES;
				CLANG_WARN_BOOL_CONVERSION = YES;
				CLANG_WARN_COMMA = YES;
				CLANG_WARN_CONSTANT_CONVERSION = YES;
				CLANG_WARN_DEPRECATED_OBJC_IMPLEMENTATIONS = YES;
				CLANG_WARN_DIRECT_OBJC_ISA_USAGE = YES_ERROR;
				CLANG_WARN_DOCUMENTATION_COMMENTS = YES;
				CLANG_WARN_EMPTY_BODY = YES;
				CLANG_WARN_ENUM_CONVERSION = YES;
				CLANG_WARN_INFINITE_RECURSION = YES;
				CLANG_WARN_INT_CONVERSION = YES;
				CLANG_WARN_NON_LITERAL_NULL_CONVERSION = YES;
				CLANG_WARN_OBJC_IMPLICIT_RETAIN_SELF = YES;
				CLANG_WARN_OBJC_LITERAL_CONVERSION = YES;
				CLANG_WARN_OBJC_ROOT_CLASS = YES_ERROR;
				CLANG_WARN_RANGE_LOOP_ANALYSIS = YES;
				CLANG_WARN_STRICT_PROTOTYPES = YES;
				CLANG_WARN_SUSPICIOUS_MOVE = YES;
				CLANG_WARN_UNGUARDED_AVAILABILITY = YES_AGGRESSIVE;
				CLANG_WARN_UNREACHABLE_CODE = YES;
				CLANG_WARN__DUPLICATE_METHOD_MATCH = YES;
				COPY_PHASE_STRIP = NO;
				DEBUG_INFORMATION_FORMAT = "dwarf-with-dsym";
				ENABLE_NS_ASSERTIONS = NO;
				ENABLE_STRICT_OBJC_MSGSEND = YES;
				GCC_C_LANGUAGE_STANDARD = gnu11;
				GCC_NO_COMMON_BLOCKS = YES;
				GCC_WARN_64_TO_32_BIT_CONVERSION = YES;
				GCC_WARN_ABOUT_RETURN_TYPE = YES_ERROR;
				GCC_WARN_UNDECLARED_SELECTOR = YES;
				GCC_WARN_UNINITIALIZED_AUTOS = YES_AGGRESSIVE;
				GCC_WARN_UNUSED_FUNCTION = YES;
				GCC_WARN_UNUSED_VARIABLE = YES;
				IPHONEOS_DEPLOYMENT_TARGET = 13.2;
				MTL_ENABLE_DEBUG_INFO = NO;
				MTL_FAST_MATH = YES;
				SDKROOT = iphoneos;
				SWIFT_COMPILATION_MODE = wholemodule;
				SWIFT_OPTIMIZATION_LEVEL = "-O";
				VALIDATE_PRODUCT = YES;
			};
			name = Release;
		};
		DCB654F623C994AF00C55698 /* Debug */ = {
			isa = XCBuildConfiguration;
			buildSettings = {
				ASSETCATALOG_COMPILER_APPICON_NAME = AppIcon;
				CODE_SIGN_STYLE = Automatic;
				DEVELOPMENT_TEAM = UFL2CW6546;
				INFOPLIST_FILE = QuoteGenerator/Info.plist;
				LD_RUNPATH_SEARCH_PATHS = (
					"$(inherited)",
					"@executable_path/Frameworks",
				);
				PRODUCT_BUNDLE_IDENTIFIER = org.yongwoo.QuoteGenerator;
				PRODUCT_NAME = "$(TARGET_NAME)";
				SWIFT_VERSION = 5.0;
				TARGETED_DEVICE_FAMILY = "1,2";
			};
			name = Debug;
		};
		DCB654F723C994AF00C55698 /* Release */ = {
			isa = XCBuildConfiguration;
			buildSettings = {
				ASSETCATALOG_COMPILER_APPICON_NAME = AppIcon;
				CODE_SIGN_STYLE = Automatic;
				DEVELOPMENT_TEAM = UFL2CW6546;
				INFOPLIST_FILE = QuoteGenerator/Info.plist;
				LD_RUNPATH_SEARCH_PATHS = (
					"$(inherited)",
					"@executable_path/Frameworks",
				);
				PRODUCT_BUNDLE_IDENTIFIER = org.yongwoo.QuoteGenerator;
				PRODUCT_NAME = "$(TARGET_NAME)";
				SWIFT_VERSION = 5.0;
				TARGETED_DEVICE_FAMILY = "1,2";
			};
			name = Release;
		};
/* End XCBuildConfiguration section */

/* Begin XCConfigurationList section */
		DCB654DC23C994AE00C55698 /* Build configuration list for PBXProject "QuoteGenerator" */ = {
			isa = XCConfigurationList;
			buildConfigurations = (
				DCB654F323C994AF00C55698 /* Debug */,
				DCB654F423C994AF00C55698 /* Release */,
			);
			defaultConfigurationIsVisible = 0;
			defaultConfigurationName = Release;
		};
		DCB654F523C994AF00C55698 /* Build configuration list for PBXNativeTarget "QuoteGenerator" */ = {
			isa = XCConfigurationList;
			buildConfigurations = (
				DCB654F623C994AF00C55698 /* Debug */,
				DCB654F723C994AF00C55698 /* Release */,
			);
			defaultConfigurationIsVisible = 0;
			defaultConfigurationName = Release;
		};
/* End XCConfigurationList section */
	};
	rootObject = DCB654D923C994AE00C55698 /* Project object */;
}
